<?xml version="1.0" encoding="UTF-8" standalone="yes" ?>
<CodeBlocks_project_file>
	<FileVersion major="1" minor="6" />
	<Project>
		<Option title="Old_Maid" />
		<Option pch_mode="2" />
		<Option compiler="gcc" />
		<Build>
			<Target title="Debug">
				<Option output="bin/Debug/Old_Maid" prefix_auto="1" extension_auto="1" />
				<Option object_output="obj/Debug/" />
				<Option type="1" />
				<Option compiler="gcc" />
				<Compiler>
					<Add option="-std=c++11" />
					<Add option="-g" />
					<Add directory="include" />
				</Compiler>
				<Linker>
					<Add option="-lgtest" />
					<Add option="-lpthread" />
					<Add library="/usr/src/gmock/gmock-all.cc" />
				</Linker>
			</Target>
			<Target title="Release">
				<Option output="bin/Release/Old_Maid" prefix_auto="1" extension_auto="1" />
				<Option object_output="obj/Release/" />
				<Option type="1" />
				<Option compiler="gcc" />
				<Compiler>
					<Add option="-O2" />
					<Add directory="include" />
				</Compiler>
				<Linker>
					<Add option="-s" />
				</Linker>
			</Target>
		</Build>
		<Compiler>
			<Add option="-Wall" />
			<Add option="-std=c++11" />
			<Add option="-fexceptions" />
		</Compiler>
		<Unit filename="include/Cards.h" />
		<Unit filename="include/Deck.h" />
		<Unit filename="include/Hand.h" />
		<Unit filename="include/OldMaid.h" />
		<Unit filename="include/OldMaidUI.h" />
		<Unit filename="src/Cards.cpp" />
		<Unit filename="src/Deck.cpp" />
		<Unit filename="src/Hand.cpp" />
		<Unit filename="src/OldMaid.cpp" />
		<Unit filename="src/OldMaidUI.cpp" />
		<Unit filename="src/build_main/main.cpp">
			<Option target="Release" />
		</Unit>
		<Unit filename="test/CardsMockTest.h">
			<Option target="Debug" />
		</Unit>
		<Unit filename="test/DeckMockTest.h">
			<Option target="Debug" />
		</Unit>
		<Unit filename="test/HandMockTest.h">
			<Option target="Debug" />
		</Unit>
		<Unit filename="test/OldMaidUIMockTest.h">
			<Option target="Debug" />
		</Unit>
		<Unit filename="test/TestCards.cpp">
			<Option target="Debug" />
		</Unit>
		<Unit filename="test/TestDeck.cpp">
			<Option target="Debug" />
		</Unit>
		<Unit filename="test/TestHand.cpp">
			<Option target="Debug" />
		</Unit>
		<Unit filename="test/TestOldMaid.cpp">
			<Option target="Debug" />
		</Unit>
		<Unit filename="test/TestOldMaidUI.cpp">
			<Option target="Debug" />
		</Unit>
		<Unit filename="test/main.cpp">
			<Option target="Debug" />
		</Unit>
		<Extensions>
			<envvars />
			<code_completion />
			<debugger />
			<lib_finder disable_auto="1" />
		</Extensions>
	</Project>
</CodeBlocks_project_file>
